
Microsoft Visual Studio Solution File, Format Version 12.00
# Visual Studio Version 17
VisualStudioVersion = 17.12.35527.113
MinimumVisualStudioVersion = 10.0.40219.1
Project("{FAE04EC0-301F-11D3-BF4B-00C04F79EFBC}") = "ChatsService.API", "ChatsService.API\ChatsService.API.csproj", "{10AD8CBF-3C52-464C-A1F7-22CCA10D751E}"
EndProject
Project("{FAE04EC0-301F-11D3-BF4B-00C04F79EFBC}") = "ChatsService.BLL", "ChatsService.BLL\ChatsService.BLL.csproj", "{4770A0B6-F395-48A8-B897-4148C66B3AEB}"
EndProject
Project("{FAE04EC0-301F-11D3-BF4B-00C04F79EFBC}") = "ChatsService.DAL", "ChatsService.DAL\ChatsService.DAL.csproj", "{E88B95AA-C19F-4C22-A9BE-13B243CB4C6F}"
EndProject
Project("{FAE04EC0-301F-11D3-BF4B-00C04F79EFBC}") = "Shared", "..\Shared\Shared.csproj", "{3B12336F-ABE4-4EC6-98D7-250A83F79195}"
EndProject
Global
	GlobalSection(SolutionConfigurationPlatforms) = preSolution
		Debug|Any CPU = Debug|Any CPU
		Release|Any CPU = Release|Any CPU
	EndGlobalSection
	GlobalSection(ProjectConfigurationPlatforms) = postSolution
		{10AD8CBF-3C52-464C-A1F7-22CCA10D751E}.Debug|Any CPU.ActiveCfg = Debug|Any CPU
		{10AD8CBF-3C52-464C-A1F7-22CCA10D751E}.Debug|Any CPU.Build.0 = Debug|Any CPU
		{10AD8CBF-3C52-464C-A1F7-22CCA10D751E}.Release|Any CPU.ActiveCfg = Release|Any CPU
		{10AD8CBF-3C52-464C-A1F7-22CCA10D751E}.Release|Any CPU.Build.0 = Release|Any CPU
		{4770A0B6-F395-48A8-B897-4148C66B3AEB}.Debug|Any CPU.ActiveCfg = Debug|Any CPU
		{4770A0B6-F395-48A8-B897-4148C66B3AEB}.Debug|Any CPU.Build.0 = Debug|Any CPU
		{4770A0B6-F395-48A8-B897-4148C66B3AEB}.Release|Any CPU.ActiveCfg = Release|Any CPU
		{4770A0B6-F395-48A8-B897-4148C66B3AEB}.Release|Any CPU.Build.0 = Release|Any CPU
		{E88B95AA-C19F-4C22-A9BE-13B243CB4C6F}.Debug|Any CPU.ActiveCfg = Debug|Any CPU
		{E88B95AA-C19F-4C22-A9BE-13B243CB4C6F}.Debug|Any CPU.Build.0 = Debug|Any CPU
		{E88B95AA-C19F-4C22-A9BE-13B243CB4C6F}.Release|Any CPU.ActiveCfg = Release|Any CPU
		{E88B95AA-C19F-4C22-A9BE-13B243CB4C6F}.Release|Any CPU.Build.0 = Release|Any CPU
		{3B12336F-ABE4-4EC6-98D7-250A83F79195}.Debug|Any CPU.ActiveCfg = Debug|Any CPU
		{3B12336F-ABE4-4EC6-98D7-250A83F79195}.Debug|Any CPU.Build.0 = Debug|Any CPU
		{3B12336F-ABE4-4EC6-98D7-250A83F79195}.Release|Any CPU.ActiveCfg = Release|Any CPU
		{3B12336F-ABE4-4EC6-98D7-250A83F79195}.Release|Any CPU.Build.0 = Release|Any CPU
	EndGlobalSection
	GlobalSection(SolutionProperties) = preSolution
		HideSolutionNode = FALSE
	EndGlobalSection
EndGlobal
