
Microsoft Visual Studio Solution File, Format Version 12.00
# Visual Studio Version 17
VisualStudioVersion = 17.9.34728.123
MinimumVisualStudioVersion = 10.0.40219.1
Project("{9A19103F-16F7-4668-BE54-9A1E7A4F7556}") = "OrderService.API", "OrderService.API\OrderService.API.csproj", "{DD7B4F7C-3E89-41AE-BC68-3CEC854B575B}"
EndProject
Project("{9A19103F-16F7-4668-BE54-9A1E7A4F7556}") = "OrderService.Domain", "OrderService.Domain\OrderService.Domain.csproj", "{EE6312A4-E8AA-494B-B010-15686DC782F1}"
EndProject
Project("{9A19103F-16F7-4668-BE54-9A1E7A4F7556}") = "OrderService.Persistence", "OrderService.Persistence\OrderService.Persistence.csproj", "{FCFB48B1-CEAC-4A45-A67F-ED71625B5189}"
EndProject
Project("{9A19103F-16F7-4668-BE54-9A1E7A4F7556}") = "OrderService.Application", "OrderService.Application\OrderService.Application.csproj", "{5C19A51C-5851-401E-A66C-4514985358EE}"
EndProject
Project("{9A19103F-16F7-4668-BE54-9A1E7A4F7556}") = "OrderService.Infrastructure", "OrderService.Infrastructure\OrderService.Infrastructure.csproj", "{04A408FB-AB16-4A65-AC3E-481E308442FD}"
EndProject
Global
	GlobalSection(SolutionConfigurationPlatforms) = preSolution
		Debug|Any CPU = Debug|Any CPU
		Release|Any CPU = Release|Any CPU
	EndGlobalSection
	GlobalSection(ProjectConfigurationPlatforms) = postSolution
		{DD7B4F7C-3E89-41AE-BC68-3CEC854B575B}.Debug|Any CPU.ActiveCfg = Debug|Any CPU
		{DD7B4F7C-3E89-41AE-BC68-3CEC854B575B}.Debug|Any CPU.Build.0 = Debug|Any CPU
		{DD7B4F7C-3E89-41AE-BC68-3CEC854B575B}.Release|Any CPU.ActiveCfg = Release|Any CPU
		{DD7B4F7C-3E89-41AE-BC68-3CEC854B575B}.Release|Any CPU.Build.0 = Release|Any CPU
		{EE6312A4-E8AA-494B-B010-15686DC782F1}.Debug|Any CPU.ActiveCfg = Debug|Any CPU
		{EE6312A4-E8AA-494B-B010-15686DC782F1}.Debug|Any CPU.Build.0 = Debug|Any CPU
		{EE6312A4-E8AA-494B-B010-15686DC782F1}.Release|Any CPU.ActiveCfg = Release|Any CPU
		{EE6312A4-E8AA-494B-B010-15686DC782F1}.Release|Any CPU.Build.0 = Release|Any CPU
		{FCFB48B1-CEAC-4A45-A67F-ED71625B5189}.Debug|Any CPU.ActiveCfg = Debug|Any CPU
		{FCFB48B1-CEAC-4A45-A67F-ED71625B5189}.Debug|Any CPU.Build.0 = Debug|Any CPU
		{FCFB48B1-CEAC-4A45-A67F-ED71625B5189}.Release|Any CPU.ActiveCfg = Release|Any CPU
		{FCFB48B1-CEAC-4A45-A67F-ED71625B5189}.Release|Any CPU.Build.0 = Release|Any CPU
		{5C19A51C-5851-401E-A66C-4514985358EE}.Debug|Any CPU.ActiveCfg = Debug|Any CPU
		{5C19A51C-5851-401E-A66C-4514985358EE}.Debug|Any CPU.Build.0 = Debug|Any CPU
		{5C19A51C-5851-401E-A66C-4514985358EE}.Release|Any CPU.ActiveCfg = Release|Any CPU
		{5C19A51C-5851-401E-A66C-4514985358EE}.Release|Any CPU.Build.0 = Release|Any CPU
		{04A408FB-AB16-4A65-AC3E-481E308442FD}.Debug|Any CPU.ActiveCfg = Debug|Any CPU
		{04A408FB-AB16-4A65-AC3E-481E308442FD}.Debug|Any CPU.Build.0 = Debug|Any CPU
		{04A408FB-AB16-4A65-AC3E-481E308442FD}.Release|Any CPU.ActiveCfg = Release|Any CPU
		{04A408FB-AB16-4A65-AC3E-481E308442FD}.Release|Any CPU.Build.0 = Release|Any CPU
	EndGlobalSection
	GlobalSection(SolutionProperties) = preSolution
		HideSolutionNode = FALSE
	EndGlobalSection
	GlobalSection(ExtensibilityGlobals) = postSolution
		SolutionGuid = {E2AB42C7-32E2-4E7D-A546-EFAF7B4350CC}
	EndGlobalSection
EndGlobal
