
Microsoft Visual Studio Solution File, Format Version 12.00
# Visual Studio Version 17
VisualStudioVersion = 17.9.34728.123
MinimumVisualStudioVersion = 10.0.40219.1
Project("{9A19103F-16F7-4668-BE54-9A1E7A4F7556}") = "UserService.API", "UserService.API\UserService.API.csproj", "{509530C1-F450-4D78-BD9B-E25E2EA21051}"
EndProject
Project("{9A19103F-16F7-4668-BE54-9A1E7A4F7556}") = "UserService.BLL", "UserService.BLL\UserService.BLL.csproj", "{182DCD10-F4EA-48C4-8261-C58940A387D4}"
EndProject
Project("{9A19103F-16F7-4668-BE54-9A1E7A4F7556}") = "UserService.DAL", "UserService.DAL\UserService.DAL.csproj", "{74DB40F3-3FEE-40C4-89C5-8071B3B6ED79}"
EndProject
Project("{FAE04EC0-301F-11D3-BF4B-00C04F79EFBC}") = "Shared", "..\Shared\Shared.csproj", "{FF3673C6-1F65-4C61-81EC-67740E94E6E0}"
EndProject
Global
	GlobalSection(SolutionConfigurationPlatforms) = preSolution
		Debug|Any CPU = Debug|Any CPU
		Release|Any CPU = Release|Any CPU
	EndGlobalSection
	GlobalSection(ProjectConfigurationPlatforms) = postSolution
		{509530C1-F450-4D78-BD9B-E25E2EA21051}.Debug|Any CPU.ActiveCfg = Debug|Any CPU
		{509530C1-F450-4D78-BD9B-E25E2EA21051}.Debug|Any CPU.Build.0 = Debug|Any CPU
		{509530C1-F450-4D78-BD9B-E25E2EA21051}.Release|Any CPU.ActiveCfg = Release|Any CPU
		{509530C1-F450-4D78-BD9B-E25E2EA21051}.Release|Any CPU.Build.0 = Release|Any CPU
		{182DCD10-F4EA-48C4-8261-C58940A387D4}.Debug|Any CPU.ActiveCfg = Debug|Any CPU
		{182DCD10-F4EA-48C4-8261-C58940A387D4}.Debug|Any CPU.Build.0 = Debug|Any CPU
		{182DCD10-F4EA-48C4-8261-C58940A387D4}.Release|Any CPU.ActiveCfg = Release|Any CPU
		{182DCD10-F4EA-48C4-8261-C58940A387D4}.Release|Any CPU.Build.0 = Release|Any CPU
		{74DB40F3-3FEE-40C4-89C5-8071B3B6ED79}.Debug|Any CPU.ActiveCfg = Debug|Any CPU
		{74DB40F3-3FEE-40C4-89C5-8071B3B6ED79}.Debug|Any CPU.Build.0 = Debug|Any CPU
		{74DB40F3-3FEE-40C4-89C5-8071B3B6ED79}.Release|Any CPU.ActiveCfg = Release|Any CPU
		{74DB40F3-3FEE-40C4-89C5-8071B3B6ED79}.Release|Any CPU.Build.0 = Release|Any CPU
		{FF3673C6-1F65-4C61-81EC-67740E94E6E0}.Debug|Any CPU.ActiveCfg = Debug|Any CPU
		{FF3673C6-1F65-4C61-81EC-67740E94E6E0}.Debug|Any CPU.Build.0 = Debug|Any CPU
		{FF3673C6-1F65-4C61-81EC-67740E94E6E0}.Release|Any CPU.ActiveCfg = Release|Any CPU
		{FF3673C6-1F65-4C61-81EC-67740E94E6E0}.Release|Any CPU.Build.0 = Release|Any CPU
	EndGlobalSection
	GlobalSection(SolutionProperties) = preSolution
		HideSolutionNode = FALSE
	EndGlobalSection
	GlobalSection(ExtensibilityGlobals) = postSolution
		SolutionGuid = {6A2976AE-2CAA-4BCF-9F7F-B4C4C900A665}
	EndGlobalSection
EndGlobal
